// !$*UTF8*$!
{
	archiveVersion = 1;
	classes = {
	};
	objectVersion = 50;
	objects = {

/* Begin PBXBuildFile section */
		23777DBA2574750B004DC36B /* AppDelegate.swift in Sources */ = {isa = PBXBuildFile; fileRef = 23777DB92574750B004DC36B /* AppDelegate.swift */; };
		23777DBC2574750B004DC36B /* SceneDelegate.swift in Sources */ = {isa = PBXBuildFile; fileRef = 23777DBB2574750B004DC36B /* SceneDelegate.swift */; };
		23777DBE2574750B004DC36B /* BdayTableViewController.swift in Sources */ = {isa = PBXBuildFile; fileRef = 23777DBD2574750B004DC36B /* BdayTableViewController.swift */; };
		23777DC42574750B004DC36B /* BirthdayList.xcdatamodeld in Sources */ = {isa = PBXBuildFile; fileRef = 23777DC22574750B004DC36B /* BirthdayList.xcdatamodeld */; };
		23777DC62574750C004DC36B /* Assets.xcassets in Resources */ = {isa = PBXBuildFile; fileRef = 23777DC52574750C004DC36B /* Assets.xcassets */; };
		23777DC92574750C004DC36B /* LaunchScreen.storyboard in Resources */ = {isa = PBXBuildFile; fileRef = 23777DC72574750C004DC36B /* LaunchScreen.storyboard */; };
		23777DD225747F09004DC36B /* Interest.swift in Sources */ = {isa = PBXBuildFile; fileRef = 23777DD125747F09004DC36B /* Interest.swift */; };
		5929E9D7257481510023AE2F /* Main.storyboard in Resources */ = {isa = PBXBuildFile; fileRef = 5929E9D6257481510023AE2F /* Main.storyboard */; };
		5929E9DB257481B20023AE2F /* PersonTableViewCell.swift in Sources */ = {isa = PBXBuildFile; fileRef = 5929E9DA257481B20023AE2F /* PersonTableViewCell.swift */; };
		5929E9DE257481B90023AE2F /* PersonDetailViewController.swift in Sources */ = {isa = PBXBuildFile; fileRef = 5929E9DD257481B90023AE2F /* PersonDetailViewController.swift */; };
		5929E9E1257481C00023AE2F /* AddPersonViewController.swift in Sources */ = {isa = PBXBuildFile; fileRef = 5929E9E0257481C00023AE2F /* AddPersonViewController.swift */; };
		5929E9E8257486DA0023AE2F /* Friend+CoreDataClass.swift in Sources */ = {isa = PBXBuildFile; fileRef = 5929E9E6257486DA0023AE2F /* Friend+CoreDataClass.swift */; };
		5929E9E9257486DA0023AE2F /* Friend+CoreDataProperties.swift in Sources */ = {isa = PBXBuildFile; fileRef = 5929E9E7257486DA0023AE2F /* Friend+CoreDataProperties.swift */; };
/* End PBXBuildFile section */

/* Begin PBXFileReference section */
		23777DB62574750B004DC36B /* BirthdayList.app */ = {isa = PBXFileReference; explicitFileType = wrapper.application; includeInIndex = 0; path = BirthdayList.app; sourceTree = BUILT_PRODUCTS_DIR; };
		23777DB92574750B004DC36B /* AppDelegate.swift */ = {isa = PBXFileReference; lastKnownFileType = sourcecode.swift; path = AppDelegate.swift; sourceTree = "<group>"; };
		23777DBB2574750B004DC36B /* SceneDelegate.swift */ = {isa = PBXFileReference; lastKnownFileType = sourcecode.swift; path = SceneDelegate.swift; sourceTree = "<group>"; };
		23777DBD2574750B004DC36B /* BdayTableViewController.swift */ = {isa = PBXFileReference; lastKnownFileType = sourcecode.swift; path = BdayTableViewController.swift; sourceTree = "<group>"; };
		23777DC32574750B004DC36B /* BirthdayList.xcdatamodel */ = {isa = PBXFileReference; lastKnownFileType = wrapper.xcdatamodel; path = BirthdayList.xcdatamodel; sourceTree = "<group>"; };
		23777DC52574750C004DC36B /* Assets.xcassets */ = {isa = PBXFileReference; lastKnownFileType = folder.assetcatalog; path = Assets.xcassets; sourceTree = "<group>"; };
		23777DC82574750C004DC36B /* Base */ = {isa = PBXFileReference; lastKnownFileType = file.storyboard; name = Base; path = Base.lproj/LaunchScreen.storyboard; sourceTree = "<group>"; };
		23777DCA2574750C004DC36B /* Info.plist */ = {isa = PBXFileReference; lastKnownFileType = text.plist.xml; path = Info.plist; sourceTree = "<group>"; };
		23777DD125747F09004DC36B /* Interest.swift */ = {isa = PBXFileReference; lastKnownFileType = sourcecode.swift; path = Interest.swift; sourceTree = "<group>"; };
		5929E9D6257481510023AE2F /* Main.storyboard */ = {isa = PBXFileReference; fileEncoding = 4; lastKnownFileType = file.storyboard; path = Main.storyboard; sourceTree = "<group>"; };
		5929E9DA257481B20023AE2F /* PersonTableViewCell.swift */ = {isa = PBXFileReference; fileEncoding = 4; lastKnownFileType = sourcecode.swift; path = PersonTableViewCell.swift; sourceTree = "<group>"; };
		5929E9DD257481B90023AE2F /* PersonDetailViewController.swift */ = {isa = PBXFileReference; fileEncoding = 4; lastKnownFileType = sourcecode.swift; path = PersonDetailViewController.swift; sourceTree = "<group>"; };
		5929E9E0257481C00023AE2F /* AddPersonViewController.swift */ = {isa = PBXFileReference; fileEncoding = 4; lastKnownFileType = sourcecode.swift; path = AddPersonViewController.swift; sourceTree = "<group>"; };
		5929E9E6257486DA0023AE2F /* Friend+CoreDataClass.swift */ = {isa = PBXFileReference; lastKnownFileType = sourcecode.swift; path = "Friend+CoreDataClass.swift"; sourceTree = SOURCE_ROOT; };
		5929E9E7257486DA0023AE2F /* Friend+CoreDataProperties.swift */ = {isa = PBXFileReference; lastKnownFileType = sourcecode.swift; path = "Friend+CoreDataProperties.swift"; sourceTree = SOURCE_ROOT; };
/* End PBXFileReference section */

/* Begin PBXFrameworksBuildPhase section */
		23777DB32574750B004DC36B /* Frameworks */ = {
			isa = PBXFrameworksBuildPhase;
			buildActionMask = 2147483647;
			files = (
			);
			runOnlyForDeploymentPostprocessing = 0;
		};
/* End PBXFrameworksBuildPhase section */

/* Begin PBXGroup section */
		23777DAD2574750B004DC36B = {
			isa = PBXGroup;
			children = (
				23777DB82574750B004DC36B /* BirthdayList */,
				23777DB72574750B004DC36B /* Products */,
			);
			sourceTree = "<group>";
		};
		23777DB72574750B004DC36B /* Products */ = {
			isa = PBXGroup;
			children = (
				23777DB62574750B004DC36B /* BirthdayList.app */,
			);
			name = Products;
			sourceTree = "<group>";
		};
		23777DB82574750B004DC36B /* BirthdayList */ = {
			isa = PBXGroup;
			children = (
				5929E9D6257481510023AE2F /* Main.storyboard */,
				5929E9DA257481B20023AE2F /* PersonTableViewCell.swift */,
				23777DBD2574750B004DC36B /* BdayTableViewController.swift */,
				5929E9DD257481B90023AE2F /* PersonDetailViewController.swift */,
				5929E9E0257481C00023AE2F /* AddPersonViewController.swift */,
				23777DD125747F09004DC36B /* Interest.swift */,
				23777DC22574750B004DC36B /* BirthdayList.xcdatamodeld */,
				5929E9E7257486DA0023AE2F /* Friend+CoreDataProperties.swift */,
				5929E9E6257486DA0023AE2F /* Friend+CoreDataClass.swift */,
				23777DB92574750B004DC36B /* AppDelegate.swift */,
				23777DBB2574750B004DC36B /* SceneDelegate.swift */,
				23777DCA2574750C004DC36B /* Info.plist */,
				23777DC52574750C004DC36B /* Assets.xcassets */,
				23777DC72574750C004DC36B /* LaunchScreen.storyboard */,
			);
			path = BirthdayList;
			sourceTree = "<group>";
		};
/* End PBXGroup section */

/* Begin PBXNativeTarget section */
		23777DB52574750B004DC36B /* BirthdayList */ = {
			isa = PBXNativeTarget;
			buildConfigurationList = 23777DCD2574750C004DC36B /* Build configuration list for PBXNativeTarget "BirthdayList" */;
			buildPhases = (
				23777DB22574750B004DC36B /* Sources */,
				23777DB32574750B004DC36B /* Frameworks */,
				23777DB42574750B004DC36B /* Resources */,
			);
			buildRules = (
			);
			dependencies = (
			);
			name = BirthdayList;
			productName = BirthdayList;
			productReference = 23777DB62574750B004DC36B /* BirthdayList.app */;
			productType = "com.apple.product-type.application";
		};
/* End PBXNativeTarget section */

/* Begin PBXProject section */
		23777DAE2574750B004DC36B /* Project object */ = {
			isa = PBXProject;
			attributes = {
				LastSwiftUpdateCheck = 1210;
				LastUpgradeCheck = 1210;
				TargetAttributes = {
					23777DB52574750B004DC36B = {
						CreatedOnToolsVersion = 12.1;
					};
				};
			};
			buildConfigurationList = 23777DB12574750B004DC36B /* Build configuration list for PBXProject "BirthdayList" */;
			compatibilityVersion = "Xcode 9.3";
			developmentRegion = en;
			hasScannedForEncodings = 0;
			knownRegions = (
				en,
				Base,
			);
			mainGroup = 23777DAD2574750B004DC36B;
			productRefGroup = 23777DB72574750B004DC36B /* Products */;
			projectDirPath = "";
			projectRoot = "";
			targets = (
				23777DB52574750B004DC36B /* BirthdayList */,
			);
		};
/* End PBXProject section */

/* Begin PBXResourcesBuildPhase section */
		23777DB42574750B004DC36B /* Resources */ = {
			isa = PBXResourcesBuildPhase;
			buildActionMask = 2147483647;
			files = (
				23777DC92574750C004DC36B /* LaunchScreen.storyboard in Resources */,
				23777DC62574750C004DC36B /* Assets.xcassets in Resources */,
				5929E9D7257481510023AE2F /* Main.storyboard in Resources */,
			);
			runOnlyForDeploymentPostprocessing = 0;
		};
/* End PBXResourcesBuildPhase section */

/* Begin PBXSourcesBuildPhase section */
		23777DB22574750B004DC36B /* Sources */ = {
			isa = PBXSourcesBuildPhase;
			buildActionMask = 2147483647;
			files = (
				5929E9DB257481B20023AE2F /* PersonTableViewCell.swift in Sources */,
				5929E9DE257481B90023AE2F /* PersonDetailViewController.swift in Sources */,
				23777DC42574750B004DC36B /* BirthdayList.xcdatamodeld in Sources */,
				23777DBE2574750B004DC36B /* BdayTableViewController.swift in Sources */,
				5929E9E8257486DA0023AE2F /* Friend+CoreDataClass.swift in Sources */,
				23777DBA2574750B004DC36B /* AppDelegate.swift in Sources */,
				5929E9E1257481C00023AE2F /* AddPersonViewController.swift in Sources */,
				5929E9E9257486DA0023AE2F /* Friend+CoreDataProperties.swift in Sources */,
				23777DBC2574750B004DC36B /* SceneDelegate.swift in Sources */,
				23777DD225747F09004DC36B /* Interest.swift in Sources */,
			);
			runOnlyForDeploymentPostprocessing = 0;
		};
/* End PBXSourcesBuildPhase section */

/* Begin PBXVariantGroup section */
		23777DC72574750C004DC36B /* LaunchScreen.storyboard */ = {
			isa = PBXVariantGroup;
			children = (
				23777DC82574750C004DC36B /* Base */,
			);
			name = LaunchScreen.storyboard;
			sourceTree = "<group>";
		};
/* End PBXVariantGroup section */

/* Begin XCBuildConfiguration section */
		23777DCB2574750C004DC36B /* Debug */ = {
			isa = XCBuildConfiguration;
			buildSettings = {
				ALWAYS_SEARCH_USER_PATHS = NO;
				CLANG_ANALYZER_NONNULL = YES;
				CLANG_ANALYZER_NUMBER_OBJECT_CONVERSION = YES_AGGRESSIVE;
				CLANG_CXX_LANGUAGE_STANDARD = "gnu++14";
				CLANG_CXX_LIBRARY = "libc++";
				CLANG_ENABLE_MODULES = YES;
				CLANG_ENABLE_OBJC_ARC = YES;
				CLANG_ENABLE_OBJC_WEAK = YES;
				CLANG_WARN_BLOCK_CAPTURE_AUTORELEASING = YES;
				CLANG_WARN_BOOL_CONVERSION = YES;
				CLANG_WARN_COMMA = YES;
				CLANG_WARN_CONSTANT_CONVERSION = YES;
				CLANG_WARN_DEPRECATED_OBJC_IMPLEMENTATIONS = YES;
				CLANG_WARN_DIRECT_OBJC_ISA_USAGE = YES_ERROR;
				CLANG_WARN_DOCUMENTATION_COMMENTS = YES;
				CLANG_WARN_EMPTY_BODY = YES;
				CLANG_WARN_ENUM_CONVERSION = YES;
				CLANG_WARN_INFINITE_RECURSION = YES;
				CLANG_WARN_INT_CONVERSION = YES;
				CLANG_WARN_NON_LITERAL_NULL_CONVERSION = YES;
				CLANG_WARN_OBJC_IMPLICIT_RETAIN_SELF = YES;
				CLANG_WARN_OBJC_LITERAL_CONVERSION = YES;
				CLANG_WARN_OBJC_ROOT_CLASS = YES_ERROR;
				CLANG_WARN_QUOTED_INCLUDE_IN_FRAMEWORK_HEADER = YES;
				CLANG_WARN_RANGE_LOOP_ANALYSIS = YES;
				CLANG_WARN_STRICT_PROTOTYPES = YES;
				CLANG_WARN_SUSPICIOUS_MOVE = YES;
				CLANG_WARN_UNGUARDED_AVAILABILITY = YES_AGGRESSIVE;
				CLANG_WARN_UNREACHABLE_CODE = YES;
				CLANG_WARN__DUPLICATE_METHOD_MATCH = YES;
				COPY_PHASE_STRIP = NO;
				DEBUG_INFORMATION_FORMAT = dwarf;
				ENABLE_STRICT_OBJC_MSGSEND = YES;
				ENABLE_TESTABILITY = YES;
				GCC_C_LANGUAGE_STANDARD = gnu11;
				GCC_DYNAMIC_NO_PIC = NO;
				GCC_NO_COMMON_BLOCKS = YES;
				GCC_OPTIMIZATION_LEVEL = 0;
				GCC_PREPROCESSOR_DEFINITIONS = (
					"DEBUG=1",
					"$(inherited)",
				);
				GCC_WARN_64_TO_32_BIT_CONVERSION = YES;
				GCC_WARN_ABOUT_RETURN_TYPE = YES_ERROR;
				GCC_WARN_UNDECLARED_SELECTOR = YES;
				GCC_WARN_UNINITIALIZED_AUTOS = YES_AGGRESSIVE;
				GCC_WARN_UNUSED_FUNCTION = YES;
				GCC_WARN_UNUSED_VARIABLE = YES;
				IPHONEOS_DEPLOYMENT_TARGET = 14.1;
				MTL_ENABLE_DEBUG_INFO = INCLUDE_SOURCE;
				MTL_FAST_MATH = YES;
				ONLY_ACTIVE_ARCH = YES;
				SDKROOT = iphoneos;
				SWIFT_ACTIVE_COMPILATION_CONDITIONS = DEBUG;
				SWIFT_OPTIMIZATION_LEVEL = "-Onone";
			};
			name = Debug;
		};
		23777DCC2574750C004DC36B /* Release */ = {
			isa = XCBuildConfiguration;
			buildSettings = {
				ALWAYS_SEARCH_USER_PATHS = NO;
				CLANG_ANALYZER_NONNULL = YES;
				CLANG_ANALYZER_NUMBER_OBJECT_CONVERSION = YES_AGGRESSIVE;
				CLANG_CXX_LANGUAGE_STANDARD = "gnu++14";
				CLANG_CXX_LIBRARY = "libc++";
				CLANG_ENABLE_MODULES = YES;
				CLANG_ENABLE_OBJC_ARC = YES;
				CLANG_ENABLE_OBJC_WEAK = YES;
				CLANG_WARN_BLOCK_CAPTURE_AUTORELEASING = YES;
				CLANG_WARN_BOOL_CONVERSION = YES;
				CLANG_WARN_COMMA = YES;
				CLANG_WARN_CONSTANT_CONVERSION = YES;
				CLANG_WARN_DEPRECATED_OBJC_IMPLEMENTATIONS = YES;
				CLANG_WARN_DIRECT_OBJC_ISA_USAGE = YES_ERROR;
				CLANG_WARN_DOCUMENTATION_COMMENTS = YES;
				CLANG_WARN_EMPTY_BODY = YES;
				CLANG_WARN_ENUM_CONVERSION = YES;
				CLANG_WARN_INFINITE_RECURSION = YES;
				CLANG_WARN_INT_CONVERSION = YES;
				CLANG_WARN_NON_LITERAL_NULL_CONVERSION = YES;
				CLANG_WARN_OBJC_IMPLICIT_RETAIN_SELF = YES;
				CLANG_WARN_OBJC_LITERAL_CONVERSION = YES;
				CLANG_WARN_OBJC_ROOT_CLASS = YES_ERROR;
				CLANG_WARN_QUOTED_INCLUDE_IN_FRAMEWORK_HEADER = YES;
				CLANG_WARN_RANGE_LOOP_ANALYSIS = YES;
				CLANG_WARN_STRICT_PROTOTYPES = YES;
				CLANG_WARN_SUSPICIOUS_MOVE = YES;
				CLANG_WARN_UNGUARDED_AVAILABILITY = YES_AGGRESSIVE;
				CLANG_WARN_UNREACHABLE_CODE = YES;
				CLANG_WARN__DUPLICATE_METHOD_MATCH = YES;
				COPY_PHASE_STRIP = NO;
				DEBUG_INFORMATION_FORMAT = "dwarf-with-dsym";
				ENABLE_NS_ASSERTIONS = NO;
				ENABLE_STRICT_OBJC_MSGSEND = YES;
				GCC_C_LANGUAGE_STANDARD = gnu11;
				GCC_NO_COMMON_BLOCKS = YES;
				GCC_WARN_64_TO_32_BIT_CONVERSION = YES;
				GCC_WARN_ABOUT_RETURN_TYPE = YES_ERROR;
				GCC_WARN_UNDECLARED_SELECTOR = YES;
				GCC_WARN_UNINITIALIZED_AUTOS = YES_AGGRESSIVE;
				GCC_WARN_UNUSED_FUNCTION = YES;
				GCC_WARN_UNUSED_VARIABLE = YES;
				IPHONEOS_DEPLOYMENT_TARGET = 14.1;
				MTL_ENABLE_DEBUG_INFO = NO;
				MTL_FAST_MATH = YES;
				SDKROOT = iphoneos;
				SWIFT_COMPILATION_MODE = wholemodule;
				SWIFT_OPTIMIZATION_LEVEL = "-O";
				VALIDATE_PRODUCT = YES;
			};
			name = Release;
		};
		23777DCE2574750C004DC36B /* Debug */ = {
			isa = XCBuildConfiguration;
			buildSettings = {
				ASSETCATALOG_COMPILER_APPICON_NAME = AppIcon;
				ASSETCATALOG_COMPILER_GLOBAL_ACCENT_COLOR_NAME = AccentColor;
				CODE_SIGN_STYLE = Automatic;
				INFOPLIST_FILE = BirthdayList/Info.plist;
				LD_RUNPATH_SEARCH_PATHS = (
					"$(inherited)",
					"@executable_path/Frameworks",
				);
				PRODUCT_BUNDLE_IDENTIFIER = com.example.BirthdayList;
				PRODUCT_NAME = "$(TARGET_NAME)";
				SWIFT_VERSION = 5.0;
				TARGETED_DEVICE_FAMILY = "1,2";
			};
			name = Debug;
		};
		23777DCF2574750C004DC36B /* Release */ = {
			isa = XCBuildConfiguration;
			buildSettings = {
				ASSETCATALOG_COMPILER_APPICON_NAME = AppIcon;
				ASSETCATALOG_COMPILER_GLOBAL_ACCENT_COLOR_NAME = AccentColor;
				CODE_SIGN_STYLE = Automatic;
				INFOPLIST_FILE = BirthdayList/Info.plist;
				LD_RUNPATH_SEARCH_PATHS = (
					"$(inherited)",
					"@executable_path/Frameworks",
				);
				PRODUCT_BUNDLE_IDENTIFIER = com.example.BirthdayList;
				PRODUCT_NAME = "$(TARGET_NAME)";
				SWIFT_VERSION = 5.0;
				TARGETED_DEVICE_FAMILY = "1,2";
			};
			name = Release;
		};
/* End XCBuildConfiguration section */

/* Begin XCConfigurationList section */
		23777DB12574750B004DC36B /* Build configuration list for PBXProject "BirthdayList" */ = {
			isa = XCConfigurationList;
			buildConfigurations = (
				23777DCB2574750C004DC36B /* Debug */,
				23777DCC2574750C004DC36B /* Release */,
			);
			defaultConfigurationIsVisible = 0;
			defaultConfigurationName = Release;
		};
		23777DCD2574750C004DC36B /* Build configuration list for PBXNativeTarget "BirthdayList" */ = {
			isa = XCConfigurationList;
			buildConfigurations = (
				23777DCE2574750C004DC36B /* Debug */,
				23777DCF2574750C004DC36B /* Release */,
			);
			defaultConfigurationIsVisible = 0;
			defaultConfigurationName = Release;
		};
/* End XCConfigurationList section */

/* Begin XCVersionGroup section */
		23777DC22574750B004DC36B /* BirthdayList.xcdatamodeld */ = {
			isa = XCVersionGroup;
			children = (
				23777DC32574750B004DC36B /* BirthdayList.xcdatamodel */,
			);
			currentVersion = 23777DC32574750B004DC36B /* BirthdayList.xcdatamodel */;
			path = BirthdayList.xcdatamodeld;
			sourceTree = "<group>";
			versionGroupType = wrapper.xcdatamodel;
		};
/* End XCVersionGroup section */
	};
	rootObject = 23777DAE2574750B004DC36B /* Project object */;
}
